schema: '2.0'
stages:
  prepare:
    cmd: python src/preprocess.py data/iris.json data/iris_clean.csv
    deps:
    - path: data/iris.json
      hash: md5
      md5: 3a52f6e782636a0363b38302cbb70407
      size: 16051
    - path: src/preprocess.py
      hash: md5
      md5: 3b1ac66c5beb3c40efa3d54ae73f17cc
      size: 854
    outs:
    - path: data/iris_clean.csv
      hash: md5
      md5: 9b52f10fa91351e04ddc9cf49329f210
      size: 3138
  train:
    cmd: python src/train.py data/iris_clean.csv data/model.pkl
    deps:
    - path: data/iris_clean.csv
      hash: md5
      md5: 9b52f10fa91351e04ddc9cf49329f210
      size: 3138
    - path: src/train.py
      hash: md5
      md5: d85093c3325e81758d2284f07abb4ca3
      size: 841
    outs:
    - path: data/model.pkl
      hash: md5
      md5: 68bb69b7b61de360a218fbab6ee726c8
      size: 1026
